// !$*UTF8*$!
{
	archiveVersion = 1;
	classes = {
	};
	objectVersion = 50;
	objects = {

/* Begin PBXBuildFile section */
		C220DDF22701B0C100ACDD99 /* AppDelegate.swift in Sources */ = {isa = PBXBuildFile; fileRef = C220DDF12701B0C100ACDD99 /* AppDelegate.swift */; };
		C220DDF42701B0C100ACDD99 /* SceneDelegate.swift in Sources */ = {isa = PBXBuildFile; fileRef = C220DDF32701B0C100ACDD99 /* SceneDelegate.swift */; };
		C220DDF92701B0C100ACDD99 /* Main.storyboard in Resources */ = {isa = PBXBuildFile; fileRef = C220DDF72701B0C100ACDD99 /* Main.storyboard */; };
		C220DDFC2701B0C100ACDD99 /* NotedApp.xcdatamodeld in Sources */ = {isa = PBXBuildFile; fileRef = C220DDFA2701B0C100ACDD99 /* NotedApp.xcdatamodeld */; };
		C220DE012701B0C200ACDD99 /* LaunchScreen.storyboard in Resources */ = {isa = PBXBuildFile; fileRef = C220DDFF2701B0C200ACDD99 /* LaunchScreen.storyboard */; };
		C220DE092701B54A00ACDD99 /* TaskTableViewController.swift in Sources */ = {isa = PBXBuildFile; fileRef = C220DE082701B54A00ACDD99 /* TaskTableViewController.swift */; };
		C220DE0B2701B55700ACDD99 /* DetailTableViewController.swift in Sources */ = {isa = PBXBuildFile; fileRef = C220DE0A2701B55700ACDD99 /* DetailTableViewController.swift */; };
		C220DE0D2701B6B200ACDD99 /* TaskTableViewCell.swift in Sources */ = {isa = PBXBuildFile; fileRef = C220DE0C2701B6B200ACDD99 /* TaskTableViewCell.swift */; };
		C220DE142701C0F600ACDD99 /* Protocol.swift in Sources */ = {isa = PBXBuildFile; fileRef = C220DE132701C0F600ACDD99 /* Protocol.swift */; };
		C220DE162701DF9400ACDD99 /* Task.swift in Sources */ = {isa = PBXBuildFile; fileRef = C220DE152701DF9400ACDD99 /* Task.swift */; };
		C220DE242702EA7E00ACDD99 /* Assets.xcassets in Resources */ = {isa = PBXBuildFile; fileRef = C220DE232702EA7D00ACDD99 /* Assets.xcassets */; };
/* End PBXBuildFile section */

/* Begin PBXFileReference section */
		C220DDEE2701B0C100ACDD99 /* NotedApp.app */ = {isa = PBXFileReference; explicitFileType = wrapper.application; includeInIndex = 0; path = NotedApp.app; sourceTree = BUILT_PRODUCTS_DIR; };
		C220DDF12701B0C100ACDD99 /* AppDelegate.swift */ = {isa = PBXFileReference; lastKnownFileType = sourcecode.swift; path = AppDelegate.swift; sourceTree = "<group>"; };
		C220DDF32701B0C100ACDD99 /* SceneDelegate.swift */ = {isa = PBXFileReference; lastKnownFileType = sourcecode.swift; path = SceneDelegate.swift; sourceTree = "<group>"; };
		C220DDF82701B0C100ACDD99 /* Base */ = {isa = PBXFileReference; lastKnownFileType = file.storyboard; name = Base; path = Base.lproj/Main.storyboard; sourceTree = "<group>"; };
		C220DDFB2701B0C100ACDD99 /* NotedApp.xcdatamodel */ = {isa = PBXFileReference; lastKnownFileType = wrapper.xcdatamodel; path = NotedApp.xcdatamodel; sourceTree = "<group>"; };
		C220DE002701B0C200ACDD99 /* Base */ = {isa = PBXFileReference; lastKnownFileType = file.storyboard; name = Base; path = Base.lproj/LaunchScreen.storyboard; sourceTree = "<group>"; };
		C220DE022701B0C200ACDD99 /* Info.plist */ = {isa = PBXFileReference; lastKnownFileType = text.plist.xml; path = Info.plist; sourceTree = "<group>"; };
		C220DE082701B54A00ACDD99 /* TaskTableViewController.swift */ = {isa = PBXFileReference; lastKnownFileType = sourcecode.swift; path = TaskTableViewController.swift; sourceTree = "<group>"; };
		C220DE0A2701B55700ACDD99 /* DetailTableViewController.swift */ = {isa = PBXFileReference; lastKnownFileType = sourcecode.swift; path = DetailTableViewController.swift; sourceTree = "<group>"; };
		C220DE0C2701B6B200ACDD99 /* TaskTableViewCell.swift */ = {isa = PBXFileReference; lastKnownFileType = sourcecode.swift; path = TaskTableViewCell.swift; sourceTree = "<group>"; };
		C220DE132701C0F600ACDD99 /* Protocol.swift */ = {isa = PBXFileReference; lastKnownFileType = sourcecode.swift; path = Protocol.swift; sourceTree = "<group>"; };
		C220DE152701DF9400ACDD99 /* Task.swift */ = {isa = PBXFileReference; lastKnownFileType = sourcecode.swift; path = Task.swift; sourceTree = "<group>"; };
		C220DE232702EA7D00ACDD99 /* Assets.xcassets */ = {isa = PBXFileReference; lastKnownFileType = folder.assetcatalog; path = Assets.xcassets; sourceTree = "<group>"; };
/* End PBXFileReference section */

/* Begin PBXFrameworksBuildPhase section */
		C220DDEB2701B0C100ACDD99 /* Frameworks */ = {
			isa = PBXFrameworksBuildPhase;
			buildActionMask = 2147483647;
			files = (
			);
			runOnlyForDeploymentPostprocessing = 0;
		};
/* End PBXFrameworksBuildPhase section */

/* Begin PBXGroup section */
		C220DDE52701B0C100ACDD99 = {
			isa = PBXGroup;
			children = (
				C220DDF02701B0C100ACDD99 /* NotedApp */,
				C220DDEF2701B0C100ACDD99 /* Products */,
			);
			sourceTree = "<group>";
		};
		C220DDEF2701B0C100ACDD99 /* Products */ = {
			isa = PBXGroup;
			children = (
				C220DDEE2701B0C100ACDD99 /* NotedApp.app */,
			);
			name = Products;
			sourceTree = "<group>";
		};
		C220DDF02701B0C100ACDD99 /* NotedApp */ = {
			isa = PBXGroup;
			children = (
				C220DE122701BF4500ACDD99 /* Model */,
				C220DE112701BF3F00ACDD99 /* Views */,
				C220DE102701BF3700ACDD99 /* Controllers */,
				C220DE022701B0C200ACDD99 /* Info.plist */,
			);
			path = NotedApp;
			sourceTree = "<group>";
		};
		C220DE102701BF3700ACDD99 /* Controllers */ = {
			isa = PBXGroup;
			children = (
				C220DE082701B54A00ACDD99 /* TaskTableViewController.swift */,
				C220DE0A2701B55700ACDD99 /* DetailTableViewController.swift */,
				C220DE0C2701B6B200ACDD99 /* TaskTableViewCell.swift */,
			);
			path = Controllers;
			sourceTree = "<group>";
		};
		C220DE112701BF3F00ACDD99 /* Views */ = {
			isa = PBXGroup;
			children = (
				C220DDF72701B0C100ACDD99 /* Main.storyboard */,
				C220DE232702EA7D00ACDD99 /* Assets.xcassets */,
				C220DDFF2701B0C200ACDD99 /* LaunchScreen.storyboard */,
			);
			path = Views;
			sourceTree = "<group>";
		};
		C220DE122701BF4500ACDD99 /* Model */ = {
			isa = PBXGroup;
			children = (
				C220DDF32701B0C100ACDD99 /* SceneDelegate.swift */,
				C220DDF12701B0C100ACDD99 /* AppDelegate.swift */,
				C220DDFA2701B0C100ACDD99 /* NotedApp.xcdatamodeld */,
				C220DE132701C0F600ACDD99 /* Protocol.swift */,
				C220DE152701DF9400ACDD99 /* Task.swift */,
			);
			path = Model;
			sourceTree = "<group>";
		};
/* End PBXGroup section */

/* Begin PBXNativeTarget section */
		C220DDED2701B0C100ACDD99 /* NotedApp */ = {
			isa = PBXNativeTarget;
			buildConfigurationList = C220DE052701B0C200ACDD99 /* Build configuration list for PBXNativeTarget "NotedApp" */;
			buildPhases = (
				C220DDEA2701B0C100ACDD99 /* Sources */,
				C220DDEB2701B0C100ACDD99 /* Frameworks */,
				C220DDEC2701B0C100ACDD99 /* Resources */,
			);
			buildRules = (
			);
			dependencies = (
			);
			name = NotedApp;
			productName = NotedApp;
			productReference = C220DDEE2701B0C100ACDD99 /* NotedApp.app */;
			productType = "com.apple.product-type.application";
		};
/* End PBXNativeTarget section */

/* Begin PBXProject section */
		C220DDE62701B0C100ACDD99 /* Project object */ = {
			isa = PBXProject;
			attributes = {
				LastSwiftUpdateCheck = 1250;
				LastUpgradeCheck = 1250;
				TargetAttributes = {
					C220DDED2701B0C100ACDD99 = {
						CreatedOnToolsVersion = 12.5.1;
					};
				};
			};
			buildConfigurationList = C220DDE92701B0C100ACDD99 /* Build configuration list for PBXProject "NotedApp" */;
			compatibilityVersion = "Xcode 9.3";
			developmentRegion = en;
			hasScannedForEncodings = 0;
			knownRegions = (
				en,
				Base,
			);
			mainGroup = C220DDE52701B0C100ACDD99;
			productRefGroup = C220DDEF2701B0C100ACDD99 /* Products */;
			projectDirPath = "";
			projectRoot = "";
			targets = (
				C220DDED2701B0C100ACDD99 /* NotedApp */,
			);
		};
/* End PBXProject section */

/* Begin PBXResourcesBuildPhase section */
		C220DDEC2701B0C100ACDD99 /* Resources */ = {
			isa = PBXResourcesBuildPhase;
			buildActionMask = 2147483647;
			files = (
				C220DE012701B0C200ACDD99 /* LaunchScreen.storyboard in Resources */,
				C220DE242702EA7E00ACDD99 /* Assets.xcassets in Resources */,
				C220DDF92701B0C100ACDD99 /* Main.storyboard in Resources */,
			);
			runOnlyForDeploymentPostprocessing = 0;
		};
/* End PBXResourcesBuildPhase section */

/* Begin PBXSourcesBuildPhase section */
		C220DDEA2701B0C100ACDD99 /* Sources */ = {
			isa = PBXSourcesBuildPhase;
			buildActionMask = 2147483647;
			files = (
				C220DE162701DF9400ACDD99 /* Task.swift in Sources */,
				C220DE0D2701B6B200ACDD99 /* TaskTableViewCell.swift in Sources */,
				C220DE0B2701B55700ACDD99 /* DetailTableViewController.swift in Sources */,
				C220DE142701C0F600ACDD99 /* Protocol.swift in Sources */,
				C220DE092701B54A00ACDD99 /* TaskTableViewController.swift in Sources */,
				C220DDFC2701B0C100ACDD99 /* NotedApp.xcdatamodeld in Sources */,
				C220DDF22701B0C100ACDD99 /* AppDelegate.swift in Sources */,
				C220DDF42701B0C100ACDD99 /* SceneDelegate.swift in Sources */,
			);
			runOnlyForDeploymentPostprocessing = 0;
		};
/* End PBXSourcesBuildPhase section */

/* Begin PBXVariantGroup section */
		C220DDF72701B0C100ACDD99 /* Main.storyboard */ = {
			isa = PBXVariantGroup;
			children = (
				C220DDF82701B0C100ACDD99 /* Base */,
			);
			name = Main.storyboard;
			sourceTree = "<group>";
		};
		C220DDFF2701B0C200ACDD99 /* LaunchScreen.storyboard */ = {
			isa = PBXVariantGroup;
			children = (
				C220DE002701B0C200ACDD99 /* Base */,
			);
			name = LaunchScreen.storyboard;
			sourceTree = "<group>";
		};
/* End PBXVariantGroup section */

/* Begin XCBuildConfiguration section */
		C220DE032701B0C200ACDD99 /* Debug */ = {
			isa = XCBuildConfiguration;
			buildSettings = {
				ALWAYS_SEARCH_USER_PATHS = NO;
				CLANG_ANALYZER_NONNULL = YES;
				CLANG_ANALYZER_NUMBER_OBJECT_CONVERSION = YES_AGGRESSIVE;
				CLANG_CXX_LANGUAGE_STANDARD = "gnu++14";
				CLANG_CXX_LIBRARY = "libc++";
				CLANG_ENABLE_MODULES = YES;
				CLANG_ENABLE_OBJC_ARC = YES;
				CLANG_ENABLE_OBJC_WEAK = YES;
				CLANG_WARN_BLOCK_CAPTURE_AUTORELEASING = YES;
				CLANG_WARN_BOOL_CONVERSION = YES;
				CLANG_WARN_COMMA = YES;
				CLANG_WARN_CONSTANT_CONVERSION = YES;
				CLANG_WARN_DEPRECATED_OBJC_IMPLEMENTATIONS = YES;
				CLANG_WARN_DIRECT_OBJC_ISA_USAGE = YES_ERROR;
				CLANG_WARN_DOCUMENTATION_COMMENTS = YES;
				CLANG_WARN_EMPTY_BODY = YES;
				CLANG_WARN_ENUM_CONVERSION = YES;
				CLANG_WARN_INFINITE_RECURSION = YES;
				CLANG_WARN_INT_CONVERSION = YES;
				CLANG_WARN_NON_LITERAL_NULL_CONVERSION = YES;
				CLANG_WARN_OBJC_IMPLICIT_RETAIN_SELF = YES;
				CLANG_WARN_OBJC_LITERAL_CONVERSION = YES;
				CLANG_WARN_OBJC_ROOT_CLASS = YES_ERROR;
				CLANG_WARN_QUOTED_INCLUDE_IN_FRAMEWORK_HEADER = YES;
				CLANG_WARN_RANGE_LOOP_ANALYSIS = YES;
				CLANG_WARN_STRICT_PROTOTYPES = YES;
				CLANG_WARN_SUSPICIOUS_MOVE = YES;
				CLANG_WARN_UNGUARDED_AVAILABILITY = YES_AGGRESSIVE;
				CLANG_WARN_UNREACHABLE_CODE = YES;
				CLANG_WARN__DUPLICATE_METHOD_MATCH = YES;
				COPY_PHASE_STRIP = NO;
				DEBUG_INFORMATION_FORMAT = dwarf;
				ENABLE_STRICT_OBJC_MSGSEND = YES;
				ENABLE_TESTABILITY = YES;
				GCC_C_LANGUAGE_STANDARD = gnu11;
				GCC_DYNAMIC_NO_PIC = NO;
				GCC_NO_COMMON_BLOCKS = YES;
				GCC_OPTIMIZATION_LEVEL = 0;
				GCC_PREPROCESSOR_DEFINITIONS = (
					"DEBUG=1",
					"$(inherited)",
				);
				GCC_WARN_64_TO_32_BIT_CONVERSION = YES;
				GCC_WARN_ABOUT_RETURN_TYPE = YES_ERROR;
				GCC_WARN_UNDECLARED_SELECTOR = YES;
				GCC_WARN_UNINITIALIZED_AUTOS = YES_AGGRESSIVE;
				GCC_WARN_UNUSED_FUNCTION = YES;
				GCC_WARN_UNUSED_VARIABLE = YES;
				IPHONEOS_DEPLOYMENT_TARGET = 14.5;
				MTL_ENABLE_DEBUG_INFO = INCLUDE_SOURCE;
				MTL_FAST_MATH = YES;
				ONLY_ACTIVE_ARCH = YES;
				SDKROOT = iphoneos;
				SWIFT_ACTIVE_COMPILATION_CONDITIONS = DEBUG;
				SWIFT_OPTIMIZATION_LEVEL = "-Onone";
			};
			name = Debug;
		};
		C220DE042701B0C200ACDD99 /* Release */ = {
			isa = XCBuildConfiguration;
			buildSettings = {
				ALWAYS_SEARCH_USER_PATHS = NO;
				CLANG_ANALYZER_NONNULL = YES;
				CLANG_ANALYZER_NUMBER_OBJECT_CONVERSION = YES_AGGRESSIVE;
				CLANG_CXX_LANGUAGE_STANDARD = "gnu++14";
				CLANG_CXX_LIBRARY = "libc++";
				CLANG_ENABLE_MODULES = YES;
				CLANG_ENABLE_OBJC_ARC = YES;
				CLANG_ENABLE_OBJC_WEAK = YES;
				CLANG_WARN_BLOCK_CAPTURE_AUTORELEASING = YES;
				CLANG_WARN_BOOL_CONVERSION = YES;
				CLANG_WARN_COMMA = YES;
				CLANG_WARN_CONSTANT_CONVERSION = YES;
				CLANG_WARN_DEPRECATED_OBJC_IMPLEMENTATIONS = YES;
				CLANG_WARN_DIRECT_OBJC_ISA_USAGE = YES_ERROR;
				CLANG_WARN_DOCUMENTATION_COMMENTS = YES;
				CLANG_WARN_EMPTY_BODY = YES;
				CLANG_WARN_ENUM_CONVERSION = YES;
				CLANG_WARN_INFINITE_RECURSION = YES;
				CLANG_WARN_INT_CONVERSION = YES;
				CLANG_WARN_NON_LITERAL_NULL_CONVERSION = YES;
				CLANG_WARN_OBJC_IMPLICIT_RETAIN_SELF = YES;
				CLANG_WARN_OBJC_LITERAL_CONVERSION = YES;
				CLANG_WARN_OBJC_ROOT_CLASS = YES_ERROR;
				CLANG_WARN_QUOTED_INCLUDE_IN_FRAMEWORK_HEADER = YES;
				CLANG_WARN_RANGE_LOOP_ANALYSIS = YES;
				CLANG_WARN_STRICT_PROTOTYPES = YES;
				CLANG_WARN_SUSPICIOUS_MOVE = YES;
				CLANG_WARN_UNGUARDED_AVAILABILITY = YES_AGGRESSIVE;
				CLANG_WARN_UNREACHABLE_CODE = YES;
				CLANG_WARN__DUPLICATE_METHOD_MATCH = YES;
				COPY_PHASE_STRIP = NO;
				DEBUG_INFORMATION_FORMAT = "dwarf-with-dsym";
				ENABLE_NS_ASSERTIONS = NO;
				ENABLE_STRICT_OBJC_MSGSEND = YES;
				GCC_C_LANGUAGE_STANDARD = gnu11;
				GCC_NO_COMMON_BLOCKS = YES;
				GCC_WARN_64_TO_32_BIT_CONVERSION = YES;
				GCC_WARN_ABOUT_RETURN_TYPE = YES_ERROR;
				GCC_WARN_UNDECLARED_SELECTOR = YES;
				GCC_WARN_UNINITIALIZED_AUTOS = YES_AGGRESSIVE;
				GCC_WARN_UNUSED_FUNCTION = YES;
				GCC_WARN_UNUSED_VARIABLE = YES;
				IPHONEOS_DEPLOYMENT_TARGET = 14.5;
				MTL_ENABLE_DEBUG_INFO = NO;
				MTL_FAST_MATH = YES;
				SDKROOT = iphoneos;
				SWIFT_COMPILATION_MODE = wholemodule;
				SWIFT_OPTIMIZATION_LEVEL = "-O";
				VALIDATE_PRODUCT = YES;
			};
			name = Release;
		};
		C220DE062701B0C200ACDD99 /* Debug */ = {
			isa = XCBuildConfiguration;
			buildSettings = {
				ASSETCATALOG_COMPILER_APPICON_NAME = AppIcon;
				ASSETCATALOG_COMPILER_GLOBAL_ACCENT_COLOR_NAME = AccentColor;
				CODE_SIGN_STYLE = Automatic;
				INFOPLIST_FILE = NotedApp/Info.plist;
				LD_RUNPATH_SEARCH_PATHS = (
					"$(inherited)",
					"@executable_path/Frameworks",
				);
				PRODUCT_BUNDLE_IDENTIFIER = com.odirile.NotedApp;
				PRODUCT_NAME = "$(TARGET_NAME)";
				SWIFT_VERSION = 5.0;
				TARGETED_DEVICE_FAMILY = "1,2";
			};
			name = Debug;
		};
		C220DE072701B0C200ACDD99 /* Release */ = {
			isa = XCBuildConfiguration;
			buildSettings = {
				ASSETCATALOG_COMPILER_APPICON_NAME = AppIcon;
				ASSETCATALOG_COMPILER_GLOBAL_ACCENT_COLOR_NAME = AccentColor;
				CODE_SIGN_STYLE = Automatic;
				INFOPLIST_FILE = NotedApp/Info.plist;
				LD_RUNPATH_SEARCH_PATHS = (
					"$(inherited)",
					"@executable_path/Frameworks",
				);
				PRODUCT_BUNDLE_IDENTIFIER = com.odirile.NotedApp;
				PRODUCT_NAME = "$(TARGET_NAME)";
				SWIFT_VERSION = 5.0;
				TARGETED_DEVICE_FAMILY = "1,2";
			};
			name = Release;
		};
/* End XCBuildConfiguration section */

/* Begin XCConfigurationList section */
		C220DDE92701B0C100ACDD99 /* Build configuration list for PBXProject "NotedApp" */ = {
			isa = XCConfigurationList;
			buildConfigurations = (
				C220DE032701B0C200ACDD99 /* Debug */,
				C220DE042701B0C200ACDD99 /* Release */,
			);
			defaultConfigurationIsVisible = 0;
			defaultConfigurationName = Release;
		};
		C220DE052701B0C200ACDD99 /* Build configuration list for PBXNativeTarget "NotedApp" */ = {
			isa = XCConfigurationList;
			buildConfigurations = (
				C220DE062701B0C200ACDD99 /* Debug */,
				C220DE072701B0C200ACDD99 /* Release */,
			);
			defaultConfigurationIsVisible = 0;
			defaultConfigurationName = Release;
		};
/* End XCConfigurationList section */

/* Begin XCVersionGroup section */
		C220DDFA2701B0C100ACDD99 /* NotedApp.xcdatamodeld */ = {
			isa = XCVersionGroup;
			children = (
				C220DDFB2701B0C100ACDD99 /* NotedApp.xcdatamodel */,
			);
			currentVersion = C220DDFB2701B0C100ACDD99 /* NotedApp.xcdatamodel */;
			path = NotedApp.xcdatamodeld;
			sourceTree = "<group>";
			versionGroupType = wrapper.xcdatamodel;
		};
/* End XCVersionGroup section */
	};
	rootObject = C220DDE62701B0C100ACDD99 /* Project object */;
}
